
Microsoft Visual Studio Solution File, Format Version 12.00
# Visual Studio Version 16
VisualStudioVersion = 16.0.32228.343
MinimumVisualStudioVersion = 10.0.40219.1
Project("{FAE04EC0-301F-11D3-BF4B-00C04F79EFBC}") = "Lab_220622", "Lab_220622.csproj", "{61D78221-E04F-490D-A849-B53B74C3561C}"
EndProject
Global
	GlobalSection(SolutionConfigurationPlatforms) = preSolution
		Debug|Any CPU = Debug|Any CPU
		Release|Any CPU = Release|Any CPU
	EndGlobalSection
	GlobalSection(ProjectConfigurationPlatforms) = postSolution
		{61D78221-E04F-490D-A849-B53B74C3561C}.Debug|Any CPU.ActiveCfg = Debug|Any CPU
		{61D78221-E04F-490D-A849-B53B74C3561C}.Debug|Any CPU.Build.0 = Debug|Any CPU
		{61D78221-E04F-490D-A849-B53B74C3561C}.Release|Any CPU.ActiveCfg = Release|Any CPU
		{61D78221-E04F-490D-A849-B53B74C3561C}.Release|Any CPU.Build.0 = Release|Any CPU
	EndGlobalSection
	GlobalSection(SolutionProperties) = preSolution
		HideSolutionNode = FALSE
	EndGlobalSection
	GlobalSection(ExtensibilityGlobals) = postSolution
		SolutionGuid = {017D084C-AA46-448C-A47E-79321E9AD5E2}
	EndGlobalSection
EndGlobal
